// !$*UTF8*$!
{
	archiveVersion = 1;
	classes = {
	};
	objectVersion = 51;
	objects = {

/* Begin PBXBuildFile section */
		0703C4442543D2ED00664C25 /* AppDelegate.swift in Sources */ = {isa = PBXBuildFile; fileRef = 0703C4432543D2ED00664C25 /* AppDelegate.swift */; };
		0703C4462543D2ED00664C25 /* SceneDelegate.swift in Sources */ = {isa = PBXBuildFile; fileRef = 0703C4452543D2ED00664C25 /* SceneDelegate.swift */; };
		0703C44B2543D2ED00664C25 /* Main.storyboard in Resources */ = {isa = PBXBuildFile; fileRef = 0703C4492543D2ED00664C25 /* Main.storyboard */; };
		0703C44D2543D2EF00664C25 /* Assets.xcassets in Resources */ = {isa = PBXBuildFile; fileRef = 0703C44C2543D2EF00664C25 /* Assets.xcassets */; };
		0703C4502543D2EF00664C25 /* LaunchScreen.storyboard in Resources */ = {isa = PBXBuildFile; fileRef = 0703C44E2543D2EF00664C25 /* LaunchScreen.storyboard */; };
		0703C45B2543D2EF00664C25 /* ParstagramTests.swift in Sources */ = {isa = PBXBuildFile; fileRef = 0703C45A2543D2EF00664C25 /* ParstagramTests.swift */; };
		0703C4662543D2EF00664C25 /* ParstagramUITests.swift in Sources */ = {isa = PBXBuildFile; fileRef = 0703C4652543D2EF00664C25 /* ParstagramUITests.swift */; };
		0703C4832543D5B200664C25 /* LoginViewController.swift in Sources */ = {isa = PBXBuildFile; fileRef = 0703C4822543D5B200664C25 /* LoginViewController.swift */; };
		0703C4882543D5CF00664C25 /* FeedViewController.swift in Sources */ = {isa = PBXBuildFile; fileRef = 0703C4872543D5CF00664C25 /* FeedViewController.swift */; };
		0703C48D2543E96100664C25 /* CameraViewController.swift in Sources */ = {isa = PBXBuildFile; fileRef = 0703C48C2543E96100664C25 /* CameraViewController.swift */; };
		0703C49D254401FF00664C25 /* PostCell.swift in Sources */ = {isa = PBXBuildFile; fileRef = 0703C49C254401FF00664C25 /* PostCell.swift */; };
		075B4CC8254D2E64008FC2B1 /* CommentCell.swift in Sources */ = {isa = PBXBuildFile; fileRef = 075B4CC7254D2E64008FC2B1 /* CommentCell.swift */; };
		1410CA937B6704AD3CB0DD62 /* Pods_Parstagram.framework in Frameworks */ = {isa = PBXBuildFile; fileRef = A2D97F7F95D16519DCD4261C /* Pods_Parstagram.framework */; };
		2AEADE4D28F280C84787E32B /* Pods_ParstagramTests.framework in Frameworks */ = {isa = PBXBuildFile; fileRef = FADA2E9EA5506D53768248E0 /* Pods_ParstagramTests.framework */; };
		CC057A016A1E2EADEC84427D /* Pods_Parstagram_ParstagramUITests.framework in Frameworks */ = {isa = PBXBuildFile; fileRef = 2D0194D2ED58B97C87C31C30 /* Pods_Parstagram_ParstagramUITests.framework */; };
/* End PBXBuildFile section */

/* Begin PBXContainerItemProxy section */
		0703C4572543D2EF00664C25 /* PBXContainerItemProxy */ = {
			isa = PBXContainerItemProxy;
			containerPortal = 0703C4382543D2ED00664C25 /* Project object */;
			proxyType = 1;
			remoteGlobalIDString = 0703C43F2543D2ED00664C25;
			remoteInfo = Parstagram;
		};
		0703C4622543D2EF00664C25 /* PBXContainerItemProxy */ = {
			isa = PBXContainerItemProxy;
			containerPortal = 0703C4382543D2ED00664C25 /* Project object */;
			proxyType = 1;
			remoteGlobalIDString = 0703C43F2543D2ED00664C25;
			remoteInfo = Parstagram;
		};
/* End PBXContainerItemProxy section */

/* Begin PBXFileReference section */
		05D01A6E5253C41AFFE57AC5 /* Pods-Parstagram-ParstagramUITests.debug.xcconfig */ = {isa = PBXFileReference; includeInIndex = 1; lastKnownFileType = text.xcconfig; name = "Pods-Parstagram-ParstagramUITests.debug.xcconfig"; path = "Target Support Files/Pods-Parstagram-ParstagramUITests/Pods-Parstagram-ParstagramUITests.debug.xcconfig"; sourceTree = "<group>"; };
		0703C4402543D2ED00664C25 /* Parstagram.app */ = {isa = PBXFileReference; explicitFileType = wrapper.application; includeInIndex = 0; path = Parstagram.app; sourceTree = BUILT_PRODUCTS_DIR; };
		0703C4432543D2ED00664C25 /* AppDelegate.swift */ = {isa = PBXFileReference; lastKnownFileType = sourcecode.swift; path = AppDelegate.swift; sourceTree = "<group>"; };
		0703C4452543D2ED00664C25 /* SceneDelegate.swift */ = {isa = PBXFileReference; lastKnownFileType = sourcecode.swift; path = SceneDelegate.swift; sourceTree = "<group>"; };
		0703C44A2543D2ED00664C25 /* Base */ = {isa = PBXFileReference; lastKnownFileType = file.storyboard; name = Base; path = Base.lproj/Main.storyboard; sourceTree = "<group>"; };
		0703C44C2543D2EF00664C25 /* Assets.xcassets */ = {isa = PBXFileReference; lastKnownFileType = folder.assetcatalog; path = Assets.xcassets; sourceTree = "<group>"; };
		0703C44F2543D2EF00664C25 /* Base */ = {isa = PBXFileReference; lastKnownFileType = file.storyboard; name = Base; path = Base.lproj/LaunchScreen.storyboard; sourceTree = "<group>"; };
		0703C4512543D2EF00664C25 /* Info.plist */ = {isa = PBXFileReference; lastKnownFileType = text.plist.xml; path = Info.plist; sourceTree = "<group>"; };
		0703C4562543D2EF00664C25 /* ParstagramTests.xctest */ = {isa = PBXFileReference; explicitFileType = wrapper.cfbundle; includeInIndex = 0; path = ParstagramTests.xctest; sourceTree = BUILT_PRODUCTS_DIR; };
		0703C45A2543D2EF00664C25 /* ParstagramTests.swift */ = {isa = PBXFileReference; lastKnownFileType = sourcecode.swift; path = ParstagramTests.swift; sourceTree = "<group>"; };
		0703C45C2543D2EF00664C25 /* Info.plist */ = {isa = PBXFileReference; lastKnownFileType = text.plist.xml; path = Info.plist; sourceTree = "<group>"; };
		0703C4612543D2EF00664C25 /* ParstagramUITests.xctest */ = {isa = PBXFileReference; explicitFileType = wrapper.cfbundle; includeInIndex = 0; path = ParstagramUITests.xctest; sourceTree = BUILT_PRODUCTS_DIR; };
		0703C4652543D2EF00664C25 /* ParstagramUITests.swift */ = {isa = PBXFileReference; lastKnownFileType = sourcecode.swift; path = ParstagramUITests.swift; sourceTree = "<group>"; };
		0703C4672543D2EF00664C25 /* Info.plist */ = {isa = PBXFileReference; lastKnownFileType = text.plist.xml; path = Info.plist; sourceTree = "<group>"; };
		0703C4822543D5B200664C25 /* LoginViewController.swift */ = {isa = PBXFileReference; lastKnownFileType = sourcecode.swift; path = LoginViewController.swift; sourceTree = "<group>"; };
		0703C4872543D5CF00664C25 /* FeedViewController.swift */ = {isa = PBXFileReference; lastKnownFileType = sourcecode.swift; path = FeedViewController.swift; sourceTree = "<group>"; };
		0703C48C2543E96100664C25 /* CameraViewController.swift */ = {isa = PBXFileReference; lastKnownFileType = sourcecode.swift; path = CameraViewController.swift; sourceTree = "<group>"; };
		0703C49C254401FF00664C25 /* PostCell.swift */ = {isa = PBXFileReference; lastKnownFileType = sourcecode.swift; path = PostCell.swift; sourceTree = "<group>"; };
		075B4CC7254D2E64008FC2B1 /* CommentCell.swift */ = {isa = PBXFileReference; lastKnownFileType = sourcecode.swift; path = CommentCell.swift; sourceTree = "<group>"; };
		2D0194D2ED58B97C87C31C30 /* Pods_Parstagram_ParstagramUITests.framework */ = {isa = PBXFileReference; explicitFileType = wrapper.framework; includeInIndex = 0; path = Pods_Parstagram_ParstagramUITests.framework; sourceTree = BUILT_PRODUCTS_DIR; };
		383083DC112AF5914641EB52 /* Pods-Parstagram.debug.xcconfig */ = {isa = PBXFileReference; includeInIndex = 1; lastKnownFileType = text.xcconfig; name = "Pods-Parstagram.debug.xcconfig"; path = "Target Support Files/Pods-Parstagram/Pods-Parstagram.debug.xcconfig"; sourceTree = "<group>"; };
		40C16A7C32B8E5F4FC692A4D /* Pods-ParstagramTests.debug.xcconfig */ = {isa = PBXFileReference; includeInIndex = 1; lastKnownFileType = text.xcconfig; name = "Pods-ParstagramTests.debug.xcconfig"; path = "Target Support Files/Pods-ParstagramTests/Pods-ParstagramTests.debug.xcconfig"; sourceTree = "<group>"; };
		5C6B82E8C7D81014AC125867 /* Pods-ParstagramTests.release.xcconfig */ = {isa = PBXFileReference; includeInIndex = 1; lastKnownFileType = text.xcconfig; name = "Pods-ParstagramTests.release.xcconfig"; path = "Target Support Files/Pods-ParstagramTests/Pods-ParstagramTests.release.xcconfig"; sourceTree = "<group>"; };
		5E2FCBDF52018DD84F9D1519 /* Pods-Parstagram-ParstagramUITests.release.xcconfig */ = {isa = PBXFileReference; includeInIndex = 1; lastKnownFileType = text.xcconfig; name = "Pods-Parstagram-ParstagramUITests.release.xcconfig"; path = "Target Support Files/Pods-Parstagram-ParstagramUITests/Pods-Parstagram-ParstagramUITests.release.xcconfig"; sourceTree = "<group>"; };
		91A2FCF700ECABBE0FE3D525 /* Pods-Parstagram.release.xcconfig */ = {isa = PBXFileReference; includeInIndex = 1; lastKnownFileType = text.xcconfig; name = "Pods-Parstagram.release.xcconfig"; path = "Target Support Files/Pods-Parstagram/Pods-Parstagram.release.xcconfig"; sourceTree = "<group>"; };
		A2D97F7F95D16519DCD4261C /* Pods_Parstagram.framework */ = {isa = PBXFileReference; explicitFileType = wrapper.framework; includeInIndex = 0; path = Pods_Parstagram.framework; sourceTree = BUILT_PRODUCTS_DIR; };
		FADA2E9EA5506D53768248E0 /* Pods_ParstagramTests.framework */ = {isa = PBXFileReference; explicitFileType = wrapper.framework; includeInIndex = 0; path = Pods_ParstagramTests.framework; sourceTree = BUILT_PRODUCTS_DIR; };
/* End PBXFileReference section */

/* Begin PBXFrameworksBuildPhase section */
		0703C43D2543D2ED00664C25 /* Frameworks */ = {
			isa = PBXFrameworksBuildPhase;
			buildActionMask = 2147483647;
			files = (
				1410CA937B6704AD3CB0DD62 /* Pods_Parstagram.framework in Frameworks */,
			);
			runOnlyForDeploymentPostprocessing = 0;
		};
		0703C4532543D2EF00664C25 /* Frameworks */ = {
			isa = PBXFrameworksBuildPhase;
			buildActionMask = 2147483647;
			files = (
				2AEADE4D28F280C84787E32B /* Pods_ParstagramTests.framework in Frameworks */,
			);
			runOnlyForDeploymentPostprocessing = 0;
		};
		0703C45E2543D2EF00664C25 /* Frameworks */ = {
			isa = PBXFrameworksBuildPhase;
			buildActionMask = 2147483647;
			files = (
				CC057A016A1E2EADEC84427D /* Pods_Parstagram_ParstagramUITests.framework in Frameworks */,
			);
			runOnlyForDeploymentPostprocessing = 0;
		};
/* End PBXFrameworksBuildPhase section */

/* Begin PBXGroup section */
		0703C4372543D2ED00664C25 = {
			isa = PBXGroup;
			children = (
				0703C4422543D2ED00664C25 /* Parstagram */,
				0703C4592543D2EF00664C25 /* ParstagramTests */,
				0703C4642543D2EF00664C25 /* ParstagramUITests */,
				0703C4412543D2ED00664C25 /* Products */,
				13B41AB242082B9DE33A8D52 /* Pods */,
				BDFDAAB74B4217EDFBA734B3 /* Frameworks */,
			);
			sourceTree = "<group>";
		};
		0703C4412543D2ED00664C25 /* Products */ = {
			isa = PBXGroup;
			children = (
				0703C4402543D2ED00664C25 /* Parstagram.app */,
				0703C4562543D2EF00664C25 /* ParstagramTests.xctest */,
				0703C4612543D2EF00664C25 /* ParstagramUITests.xctest */,
			);
			name = Products;
			sourceTree = "<group>";
		};
		0703C4422543D2ED00664C25 /* Parstagram */ = {
			isa = PBXGroup;
			children = (
				0703C4432543D2ED00664C25 /* AppDelegate.swift */,
				0703C4452543D2ED00664C25 /* SceneDelegate.swift */,
				0703C4492543D2ED00664C25 /* Main.storyboard */,
				0703C44C2543D2EF00664C25 /* Assets.xcassets */,
				0703C44E2543D2EF00664C25 /* LaunchScreen.storyboard */,
				0703C4512543D2EF00664C25 /* Info.plist */,
				0703C4822543D5B200664C25 /* LoginViewController.swift */,
				0703C4872543D5CF00664C25 /* FeedViewController.swift */,
				0703C48C2543E96100664C25 /* CameraViewController.swift */,
				0703C49C254401FF00664C25 /* PostCell.swift */,
				075B4CC7254D2E64008FC2B1 /* CommentCell.swift */,
			);
			path = Parstagram;
			sourceTree = "<group>";
		};
		0703C4592543D2EF00664C25 /* ParstagramTests */ = {
			isa = PBXGroup;
			children = (
				0703C45A2543D2EF00664C25 /* ParstagramTests.swift */,
				0703C45C2543D2EF00664C25 /* Info.plist */,
			);
			path = ParstagramTests;
			sourceTree = "<group>";
		};
		0703C4642543D2EF00664C25 /* ParstagramUITests */ = {
			isa = PBXGroup;
			children = (
				0703C4652543D2EF00664C25 /* ParstagramUITests.swift */,
				0703C4672543D2EF00664C25 /* Info.plist */,
			);
			path = ParstagramUITests;
			sourceTree = "<group>";
		};
		13B41AB242082B9DE33A8D52 /* Pods */ = {
			isa = PBXGroup;
			children = (
				383083DC112AF5914641EB52 /* Pods-Parstagram.debug.xcconfig */,
				91A2FCF700ECABBE0FE3D525 /* Pods-Parstagram.release.xcconfig */,
				05D01A6E5253C41AFFE57AC5 /* Pods-Parstagram-ParstagramUITests.debug.xcconfig */,
				5E2FCBDF52018DD84F9D1519 /* Pods-Parstagram-ParstagramUITests.release.xcconfig */,
				40C16A7C32B8E5F4FC692A4D /* Pods-ParstagramTests.debug.xcconfig */,
				5C6B82E8C7D81014AC125867 /* Pods-ParstagramTests.release.xcconfig */,
			);
			path = Pods;
			sourceTree = "<group>";
		};
		BDFDAAB74B4217EDFBA734B3 /* Frameworks */ = {
			isa = PBXGroup;
			children = (
				A2D97F7F95D16519DCD4261C /* Pods_Parstagram.framework */,
				2D0194D2ED58B97C87C31C30 /* Pods_Parstagram_ParstagramUITests.framework */,
				FADA2E9EA5506D53768248E0 /* Pods_ParstagramTests.framework */,
			);
			name = Frameworks;
			sourceTree = "<group>";
		};
/* End PBXGroup section */

/* Begin PBXNativeTarget section */
		0703C43F2543D2ED00664C25 /* Parstagram */ = {
			isa = PBXNativeTarget;
			buildConfigurationList = 0703C46A2543D2EF00664C25 /* Build configuration list for PBXNativeTarget "Parstagram" */;
			buildPhases = (
				BA7C1DDF86B65F75DE84AF4F /* [CP] Check Pods Manifest.lock */,
				0703C43C2543D2ED00664C25 /* Sources */,
				0703C43D2543D2ED00664C25 /* Frameworks */,
				0703C43E2543D2ED00664C25 /* Resources */,
				39ED7DD9693F5C2334A0024A /* [CP] Embed Pods Frameworks */,
			);
			buildRules = (
			);
			dependencies = (
			);
			name = Parstagram;
			productName = Parstagram;
			productReference = 0703C4402543D2ED00664C25 /* Parstagram.app */;
			productType = "com.apple.product-type.application";
		};
		0703C4552543D2EF00664C25 /* ParstagramTests */ = {
			isa = PBXNativeTarget;
			buildConfigurationList = 0703C46D2543D2EF00664C25 /* Build configuration list for PBXNativeTarget "ParstagramTests" */;
			buildPhases = (
				33359A1A2FA7506FFB589386 /* [CP] Check Pods Manifest.lock */,
				0703C4522543D2EF00664C25 /* Sources */,
				0703C4532543D2EF00664C25 /* Frameworks */,
				0703C4542543D2EF00664C25 /* Resources */,
			);
			buildRules = (
			);
			dependencies = (
				0703C4582543D2EF00664C25 /* PBXTargetDependency */,
			);
			name = ParstagramTests;
			productName = ParstagramTests;
			productReference = 0703C4562543D2EF00664C25 /* ParstagramTests.xctest */;
			productType = "com.apple.product-type.bundle.unit-test";
		};
		0703C4602543D2EF00664C25 /* ParstagramUITests */ = {
			isa = PBXNativeTarget;
			buildConfigurationList = 0703C4702543D2EF00664C25 /* Build configuration list for PBXNativeTarget "ParstagramUITests" */;
			buildPhases = (
				748965384DC060B8568380E8 /* [CP] Check Pods Manifest.lock */,
				0703C45D2543D2EF00664C25 /* Sources */,
				0703C45E2543D2EF00664C25 /* Frameworks */,
				0703C45F2543D2EF00664C25 /* Resources */,
				22DB0E3523126689D77F1534 /* [CP] Embed Pods Frameworks */,
			);
			buildRules = (
			);
			dependencies = (
				0703C4632543D2EF00664C25 /* PBXTargetDependency */,
			);
			name = ParstagramUITests;
			productName = ParstagramUITests;
			productReference = 0703C4612543D2EF00664C25 /* ParstagramUITests.xctest */;
			productType = "com.apple.product-type.bundle.ui-testing";
		};
/* End PBXNativeTarget section */

/* Begin PBXProject section */
		0703C4382543D2ED00664C25 /* Project object */ = {
			isa = PBXProject;
			attributes = {
				LastSwiftUpdateCheck = 1200;
				LastUpgradeCheck = 1200;
				TargetAttributes = {
					0703C43F2543D2ED00664C25 = {
						CreatedOnToolsVersion = 12.0.1;
					};
					0703C4552543D2EF00664C25 = {
						CreatedOnToolsVersion = 12.0.1;
						TestTargetID = 0703C43F2543D2ED00664C25;
					};
					0703C4602543D2EF00664C25 = {
						CreatedOnToolsVersion = 12.0.1;
						TestTargetID = 0703C43F2543D2ED00664C25;
					};
				};
			};
			buildConfigurationList = 0703C43B2543D2ED00664C25 /* Build configuration list for PBXProject "Parstagram" */;
			compatibilityVersion = "Xcode 9.3";
			developmentRegion = en;
			hasScannedForEncodings = 0;
			knownRegions = (
				en,
				Base,
			);
			mainGroup = 0703C4372543D2ED00664C25;
			productRefGroup = 0703C4412543D2ED00664C25 /* Products */;
			projectDirPath = "";
			projectRoot = "";
			targets = (
				0703C43F2543D2ED00664C25 /* Parstagram */,
				0703C4552543D2EF00664C25 /* ParstagramTests */,
				0703C4602543D2EF00664C25 /* ParstagramUITests */,
			);
		};
/* End PBXProject section */

/* Begin PBXResourcesBuildPhase section */
		0703C43E2543D2ED00664C25 /* Resources */ = {
			isa = PBXResourcesBuildPhase;
			buildActionMask = 2147483647;
			files = (
				0703C4502543D2EF00664C25 /* LaunchScreen.storyboard in Resources */,
				0703C44D2543D2EF00664C25 /* Assets.xcassets in Resources */,
				0703C44B2543D2ED00664C25 /* Main.storyboard in Resources */,
			);
			runOnlyForDeploymentPostprocessing = 0;
		};
		0703C4542543D2EF00664C25 /* Resources */ = {
			isa = PBXResourcesBuildPhase;
			buildActionMask = 2147483647;
			files = (
			);
			runOnlyForDeploymentPostprocessing = 0;
		};
		0703C45F2543D2EF00664C25 /* Resources */ = {
			isa = PBXResourcesBuildPhase;
			buildActionMask = 2147483647;
			files = (
			);
			runOnlyForDeploymentPostprocessing = 0;
		};
/* End PBXResourcesBuildPhase section */

/* Begin PBXShellScriptBuildPhase section */
		22DB0E3523126689D77F1534 /* [CP] Embed Pods Frameworks */ = {
			isa = PBXShellScriptBuildPhase;
			buildActionMask = 2147483647;
			files = (
			);
			inputFileListPaths = (
				"${PODS_ROOT}/Target Support Files/Pods-Parstagram-ParstagramUITests/Pods-Parstagram-ParstagramUITests-frameworks-${CONFIGURATION}-input-files.xcfilelist",
			);
			name = "[CP] Embed Pods Frameworks";
			outputFileListPaths = (
				"${PODS_ROOT}/Target Support Files/Pods-Parstagram-ParstagramUITests/Pods-Parstagram-ParstagramUITests-frameworks-${CONFIGURATION}-output-files.xcfilelist",
			);
			runOnlyForDeploymentPostprocessing = 0;
			shellPath = /bin/sh;
			shellScript = "\"${PODS_ROOT}/Target Support Files/Pods-Parstagram-ParstagramUITests/Pods-Parstagram-ParstagramUITests-frameworks.sh\"\n";
			showEnvVarsInLog = 0;
		};
		33359A1A2FA7506FFB589386 /* [CP] Check Pods Manifest.lock */ = {
			isa = PBXShellScriptBuildPhase;
			buildActionMask = 2147483647;
			files = (
			);
			inputFileListPaths = (
			);
			inputPaths = (
				"${PODS_PODFILE_DIR_PATH}/Podfile.lock",
				"${PODS_ROOT}/Manifest.lock",
			);
			name = "[CP] Check Pods Manifest.lock";
			outputFileListPaths = (
			);
			outputPaths = (
				"$(DERIVED_FILE_DIR)/Pods-ParstagramTests-checkManifestLockResult.txt",
			);
			runOnlyForDeploymentPostprocessing = 0;
			shellPath = /bin/sh;
			shellScript = "diff \"${PODS_PODFILE_DIR_PATH}/Podfile.lock\" \"${PODS_ROOT}/Manifest.lock\" > /dev/null\nif [ $? != 0 ] ; then\n    # print error to STDERR\n    echo \"error: The sandbox is not in sync with the Podfile.lock. Run 'pod install' or update your CocoaPods installation.\" >&2\n    exit 1\nfi\n# This output is used by Xcode 'outputs' to avoid re-running this script phase.\necho \"SUCCESS\" > \"${SCRIPT_OUTPUT_FILE_0}\"\n";
			showEnvVarsInLog = 0;
		};
		39ED7DD9693F5C2334A0024A /* [CP] Embed Pods Frameworks */ = {
			isa = PBXShellScriptBuildPhase;
			buildActionMask = 2147483647;
			files = (
			);
			inputFileListPaths = (
				"${PODS_ROOT}/Target Support Files/Pods-Parstagram/Pods-Parstagram-frameworks-${CONFIGURATION}-input-files.xcfilelist",
			);
			name = "[CP] Embed Pods Frameworks";
			outputFileListPaths = (
				"${PODS_ROOT}/Target Support Files/Pods-Parstagram/Pods-Parstagram-frameworks-${CONFIGURATION}-output-files.xcfilelist",
			);
			runOnlyForDeploymentPostprocessing = 0;
			shellPath = /bin/sh;
			shellScript = "\"${PODS_ROOT}/Target Support Files/Pods-Parstagram/Pods-Parstagram-frameworks.sh\"\n";
			showEnvVarsInLog = 0;
		};
		748965384DC060B8568380E8 /* [CP] Check Pods Manifest.lock */ = {
			isa = PBXShellScriptBuildPhase;
			buildActionMask = 2147483647;
			files = (
			);
			inputFileListPaths = (
			);
			inputPaths = (
				"${PODS_PODFILE_DIR_PATH}/Podfile.lock",
				"${PODS_ROOT}/Manifest.lock",
			);
			name = "[CP] Check Pods Manifest.lock";
			outputFileListPaths = (
			);
			outputPaths = (
				"$(DERIVED_FILE_DIR)/Pods-Parstagram-ParstagramUITests-checkManifestLockResult.txt",
			);
			runOnlyForDeploymentPostprocessing = 0;
			shellPath = /bin/sh;
			shellScript = "diff \"${PODS_PODFILE_DIR_PATH}/Podfile.lock\" \"${PODS_ROOT}/Manifest.lock\" > /dev/null\nif [ $? != 0 ] ; then\n    # print error to STDERR\n    echo \"error: The sandbox is not in sync with the Podfile.lock. Run 'pod install' or update your CocoaPods installation.\" >&2\n    exit 1\nfi\n# This output is used by Xcode 'outputs' to avoid re-running this script phase.\necho \"SUCCESS\" > \"${SCRIPT_OUTPUT_FILE_0}\"\n";
			showEnvVarsInLog = 0;
		};
		BA7C1DDF86B65F75DE84AF4F /* [CP] Check Pods Manifest.lock */ = {
			isa = PBXShellScriptBuildPhase;
			buildActionMask = 2147483647;
			files = (
			);
			inputFileListPaths = (
			);
			inputPaths = (
				"${PODS_PODFILE_DIR_PATH}/Podfile.lock",
				"${PODS_ROOT}/Manifest.lock",
			);
			name = "[CP] Check Pods Manifest.lock";
			outputFileListPaths = (
			);
			outputPaths = (
				"$(DERIVED_FILE_DIR)/Pods-Parstagram-checkManifestLockResult.txt",
			);
			runOnlyForDeploymentPostprocessing = 0;
			shellPath = /bin/sh;
			shellScript = "diff \"${PODS_PODFILE_DIR_PATH}/Podfile.lock\" \"${PODS_ROOT}/Manifest.lock\" > /dev/null\nif [ $? != 0 ] ; then\n    # print error to STDERR\n    echo \"error: The sandbox is not in sync with the Podfile.lock. Run 'pod install' or update your CocoaPods installation.\" >&2\n    exit 1\nfi\n# This output is used by Xcode 'outputs' to avoid re-running this script phase.\necho \"SUCCESS\" > \"${SCRIPT_OUTPUT_FILE_0}\"\n";
			showEnvVarsInLog = 0;
		};
/* End PBXShellScriptBuildPhase section */

/* Begin PBXSourcesBuildPhase section */
		0703C43C2543D2ED00664C25 /* Sources */ = {
			isa = PBXSourcesBuildPhase;
			buildActionMask = 2147483647;
			files = (
				0703C4832543D5B200664C25 /* LoginViewController.swift in Sources */,
				0703C48D2543E96100664C25 /* CameraViewController.swift in Sources */,
				0703C4442543D2ED00664C25 /* AppDelegate.swift in Sources */,
				0703C4882543D5CF00664C25 /* FeedViewController.swift in Sources */,
				0703C4462543D2ED00664C25 /* SceneDelegate.swift in Sources */,
				0703C49D254401FF00664C25 /* PostCell.swift in Sources */,
				075B4CC8254D2E64008FC2B1 /* CommentCell.swift in Sources */,
			);
			runOnlyForDeploymentPostprocessing = 0;
		};
		0703C4522543D2EF00664C25 /* Sources */ = {
			isa = PBXSourcesBuildPhase;
			buildActionMask = 2147483647;
			files = (
				0703C45B2543D2EF00664C25 /* ParstagramTests.swift in Sources */,
			);
			runOnlyForDeploymentPostprocessing = 0;
		};
		0703C45D2543D2EF00664C25 /* Sources */ = {
			isa = PBXSourcesBuildPhase;
			buildActionMask = 2147483647;
			files = (
				0703C4662543D2EF00664C25 /* ParstagramUITests.swift in Sources */,
			);
			runOnlyForDeploymentPostprocessing = 0;
		};
/* End PBXSourcesBuildPhase section */

/* Begin PBXTargetDependency section */
		0703C4582543D2EF00664C25 /* PBXTargetDependency */ = {
			isa = PBXTargetDependency;
			target = 0703C43F2543D2ED00664C25 /* Parstagram */;
			targetProxy = 0703C4572543D2EF00664C25 /* PBXContainerItemProxy */;
		};
		0703C4632543D2EF00664C25 /* PBXTargetDependency */ = {
			isa = PBXTargetDependency;
			target = 0703C43F2543D2ED00664C25 /* Parstagram */;
			targetProxy = 0703C4622543D2EF00664C25 /* PBXContainerItemProxy */;
		};
/* End PBXTargetDependency section */

/* Begin PBXVariantGroup section */
		0703C4492543D2ED00664C25 /* Main.storyboard */ = {
			isa = PBXVariantGroup;
			children = (
				0703C44A2543D2ED00664C25 /* Base */,
			);
			name = Main.storyboard;
			sourceTree = "<group>";
		};
		0703C44E2543D2EF00664C25 /* LaunchScreen.storyboard */ = {
			isa = PBXVariantGroup;
			children = (
				0703C44F2543D2EF00664C25 /* Base */,
			);
			name = LaunchScreen.storyboard;
			sourceTree = "<group>";
		};
/* End PBXVariantGroup section */

/* Begin XCBuildConfiguration section */
		0703C4682543D2EF00664C25 /* Debug */ = {
			isa = XCBuildConfiguration;
			buildSettings = {
				ALWAYS_SEARCH_USER_PATHS = NO;
				CLANG_ANALYZER_NONNULL = YES;
				CLANG_ANALYZER_NUMBER_OBJECT_CONVERSION = YES_AGGRESSIVE;
				CLANG_CXX_LANGUAGE_STANDARD = "gnu++14";
				CLANG_CXX_LIBRARY = "libc++";
				CLANG_ENABLE_MODULES = YES;
				CLANG_ENABLE_OBJC_ARC = YES;
				CLANG_ENABLE_OBJC_WEAK = YES;
				CLANG_WARN_BLOCK_CAPTURE_AUTORELEASING = YES;
				CLANG_WARN_BOOL_CONVERSION = YES;
				CLANG_WARN_COMMA = YES;
				CLANG_WARN_CONSTANT_CONVERSION = YES;
				CLANG_WARN_DEPRECATED_OBJC_IMPLEMENTATIONS = YES;
				CLANG_WARN_DIRECT_OBJC_ISA_USAGE = YES_ERROR;
				CLANG_WARN_DOCUMENTATION_COMMENTS = YES;
				CLANG_WARN_EMPTY_BODY = YES;
				CLANG_WARN_ENUM_CONVERSION = YES;
				CLANG_WARN_INFINITE_RECURSION = YES;
				CLANG_WARN_INT_CONVERSION = YES;
				CLANG_WARN_NON_LITERAL_NULL_CONVERSION = YES;
				CLANG_WARN_OBJC_IMPLICIT_RETAIN_SELF = YES;
				CLANG_WARN_OBJC_LITERAL_CONVERSION = YES;
				CLANG_WARN_OBJC_ROOT_CLASS = YES_ERROR;
				CLANG_WARN_QUOTED_INCLUDE_IN_FRAMEWORK_HEADER = YES;
				CLANG_WARN_RANGE_LOOP_ANALYSIS = YES;
				CLANG_WARN_STRICT_PROTOTYPES = YES;
				CLANG_WARN_SUSPICIOUS_MOVE = YES;
				CLANG_WARN_UNGUARDED_AVAILABILITY = YES_AGGRESSIVE;
				CLANG_WARN_UNREACHABLE_CODE = YES;
				CLANG_WARN__DUPLICATE_METHOD_MATCH = YES;
				COPY_PHASE_STRIP = NO;
				DEBUG_INFORMATION_FORMAT = dwarf;
				ENABLE_STRICT_OBJC_MSGSEND = YES;
				ENABLE_TESTABILITY = YES;
				GCC_C_LANGUAGE_STANDARD = gnu11;
				GCC_DYNAMIC_NO_PIC = NO;
				GCC_NO_COMMON_BLOCKS = YES;
				GCC_OPTIMIZATION_LEVEL = 0;
				GCC_PREPROCESSOR_DEFINITIONS = (
					"DEBUG=1",
					"$(inherited)",
				);
				GCC_WARN_64_TO_32_BIT_CONVERSION = YES;
				GCC_WARN_ABOUT_RETURN_TYPE = YES_ERROR;
				GCC_WARN_UNDECLARED_SELECTOR = YES;
				GCC_WARN_UNINITIALIZED_AUTOS = YES_AGGRESSIVE;
				GCC_WARN_UNUSED_FUNCTION = YES;
				GCC_WARN_UNUSED_VARIABLE = YES;
				IPHONEOS_DEPLOYMENT_TARGET = 14.0;
				MTL_ENABLE_DEBUG_INFO = INCLUDE_SOURCE;
				MTL_FAST_MATH = YES;
				ONLY_ACTIVE_ARCH = YES;
				SDKROOT = iphoneos;
				SWIFT_ACTIVE_COMPILATION_CONDITIONS = DEBUG;
				SWIFT_OPTIMIZATION_LEVEL = "-Onone";
			};
			name = Debug;
		};
		0703C4692543D2EF00664C25 /* Release */ = {
			isa = XCBuildConfiguration;
			buildSettings = {
				ALWAYS_SEARCH_USER_PATHS = NO;
				CLANG_ANALYZER_NONNULL = YES;
				CLANG_ANALYZER_NUMBER_OBJECT_CONVERSION = YES_AGGRESSIVE;
				CLANG_CXX_LANGUAGE_STANDARD = "gnu++14";
				CLANG_CXX_LIBRARY = "libc++";
				CLANG_ENABLE_MODULES = YES;
				CLANG_ENABLE_OBJC_ARC = YES;
				CLANG_ENABLE_OBJC_WEAK = YES;
				CLANG_WARN_BLOCK_CAPTURE_AUTORELEASING = YES;
				CLANG_WARN_BOOL_CONVERSION = YES;
				CLANG_WARN_COMMA = YES;
				CLANG_WARN_CONSTANT_CONVERSION = YES;
				CLANG_WARN_DEPRECATED_OBJC_IMPLEMENTATIONS = YES;
				CLANG_WARN_DIRECT_OBJC_ISA_USAGE = YES_ERROR;
				CLANG_WARN_DOCUMENTATION_COMMENTS = YES;
				CLANG_WARN_EMPTY_BODY = YES;
				CLANG_WARN_ENUM_CONVERSION = YES;
				CLANG_WARN_INFINITE_RECURSION = YES;
				CLANG_WARN_INT_CONVERSION = YES;
				CLANG_WARN_NON_LITERAL_NULL_CONVERSION = YES;
				CLANG_WARN_OBJC_IMPLICIT_RETAIN_SELF = YES;
				CLANG_WARN_OBJC_LITERAL_CONVERSION = YES;
				CLANG_WARN_OBJC_ROOT_CLASS = YES_ERROR;
				CLANG_WARN_QUOTED_INCLUDE_IN_FRAMEWORK_HEADER = YES;
				CLANG_WARN_RANGE_LOOP_ANALYSIS = YES;
				CLANG_WARN_STRICT_PROTOTYPES = YES;
				CLANG_WARN_SUSPICIOUS_MOVE = YES;
				CLANG_WARN_UNGUARDED_AVAILABILITY = YES_AGGRESSIVE;
				CLANG_WARN_UNREACHABLE_CODE = YES;
				CLANG_WARN__DUPLICATE_METHOD_MATCH = YES;
				COPY_PHASE_STRIP = NO;
				DEBUG_INFORMATION_FORMAT = "dwarf-with-dsym";
				ENABLE_NS_ASSERTIONS = NO;
				ENABLE_STRICT_OBJC_MSGSEND = YES;
				GCC_C_LANGUAGE_STANDARD = gnu11;
				GCC_NO_COMMON_BLOCKS = YES;
				GCC_WARN_64_TO_32_BIT_CONVERSION = YES;
				GCC_WARN_ABOUT_RETURN_TYPE = YES_ERROR;
				GCC_WARN_UNDECLARED_SELECTOR = YES;
				GCC_WARN_UNINITIALIZED_AUTOS = YES_AGGRESSIVE;
				GCC_WARN_UNUSED_FUNCTION = YES;
				GCC_WARN_UNUSED_VARIABLE = YES;
				IPHONEOS_DEPLOYMENT_TARGET = 14.0;
				MTL_ENABLE_DEBUG_INFO = NO;
				MTL_FAST_MATH = YES;
				SDKROOT = iphoneos;
				SWIFT_COMPILATION_MODE = wholemodule;
				SWIFT_OPTIMIZATION_LEVEL = "-O";
				VALIDATE_PRODUCT = YES;
			};
			name = Release;
		};
		0703C46B2543D2EF00664C25 /* Debug */ = {
			isa = XCBuildConfiguration;
			baseConfigurationReference = 383083DC112AF5914641EB52 /* Pods-Parstagram.debug.xcconfig */;
			buildSettings = {
				ASSETCATALOG_COMPILER_APPICON_NAME = AppIcon;
				ASSETCATALOG_COMPILER_GLOBAL_ACCENT_COLOR_NAME = AccentColor;
				CODE_SIGN_STYLE = Automatic;
				INFOPLIST_FILE = Parstagram/Info.plist;
				LD_RUNPATH_SEARCH_PATHS = (
					"$(inherited)",
					"@executable_path/Frameworks",
				);
				PRODUCT_BUNDLE_IDENTIFIER = uzma.Parstagram;
				PRODUCT_NAME = "$(TARGET_NAME)";
				SWIFT_VERSION = 5.0;
				TARGETED_DEVICE_FAMILY = "1,2";
			};
			name = Debug;
		};
		0703C46C2543D2EF00664C25 /* Release */ = {
			isa = XCBuildConfiguration;
			baseConfigurationReference = 91A2FCF700ECABBE0FE3D525 /* Pods-Parstagram.release.xcconfig */;
			buildSettings = {
				ASSETCATALOG_COMPILER_APPICON_NAME = AppIcon;
				ASSETCATALOG_COMPILER_GLOBAL_ACCENT_COLOR_NAME = AccentColor;
				CODE_SIGN_STYLE = Automatic;
				INFOPLIST_FILE = Parstagram/Info.plist;
				LD_RUNPATH_SEARCH_PATHS = (
					"$(inherited)",
					"@executable_path/Frameworks",
				);
				PRODUCT_BUNDLE_IDENTIFIER = uzma.Parstagram;
				PRODUCT_NAME = "$(TARGET_NAME)";
				SWIFT_VERSION = 5.0;
				TARGETED_DEVICE_FAMILY = "1,2";
			};
			name = Release;
		};
		0703C46E2543D2EF00664C25 /* Debug */ = {
			isa = XCBuildConfiguration;
			baseConfigurationReference = 40C16A7C32B8E5F4FC692A4D /* Pods-ParstagramTests.debug.xcconfig */;
			buildSettings = {
				ALWAYS_EMBED_SWIFT_STANDARD_LIBRARIES = YES;
				BUNDLE_LOADER = "$(TEST_HOST)";
				CODE_SIGN_STYLE = Automatic;
				INFOPLIST_FILE = ParstagramTests/Info.plist;
				IPHONEOS_DEPLOYMENT_TARGET = 14.0;
				LD_RUNPATH_SEARCH_PATHS = (
					"$(inherited)",
					"@executable_path/Frameworks",
					"@loader_path/Frameworks",
				);
				PRODUCT_BUNDLE_IDENTIFIER = uzma.ParstagramTests;
				PRODUCT_NAME = "$(TARGET_NAME)";
				SWIFT_VERSION = 5.0;
				TARGETED_DEVICE_FAMILY = "1,2";
				TEST_HOST = "$(BUILT_PRODUCTS_DIR)/Parstagram.app/Parstagram";
			};
			name = Debug;
		};
		0703C46F2543D2EF00664C25 /* Release */ = {
			isa = XCBuildConfiguration;
			baseConfigurationReference = 5C6B82E8C7D81014AC125867 /* Pods-ParstagramTests.release.xcconfig */;
			buildSettings = {
				ALWAYS_EMBED_SWIFT_STANDARD_LIBRARIES = YES;
				BUNDLE_LOADER = "$(TEST_HOST)";
				CODE_SIGN_STYLE = Automatic;
				INFOPLIST_FILE = ParstagramTests/Info.plist;
				IPHONEOS_DEPLOYMENT_TARGET = 14.0;
				LD_RUNPATH_SEARCH_PATHS = (
					"$(inherited)",
					"@executable_path/Frameworks",
					"@loader_path/Frameworks",
				);
				PRODUCT_BUNDLE_IDENTIFIER = uzma.ParstagramTests;
				PRODUCT_NAME = "$(TARGET_NAME)";
				SWIFT_VERSION = 5.0;
				TARGETED_DEVICE_FAMILY = "1,2";
				TEST_HOST = "$(BUILT_PRODUCTS_DIR)/Parstagram.app/Parstagram";
			};
			name = Release;
		};
		0703C4712543D2EF00664C25 /* Debug */ = {
			isa = XCBuildConfiguration;
			baseConfigurationReference = 05D01A6E5253C41AFFE57AC5 /* Pods-Parstagram-ParstagramUITests.debug.xcconfig */;
			buildSettings = {
				ALWAYS_EMBED_SWIFT_STANDARD_LIBRARIES = YES;
				CODE_SIGN_STYLE = Automatic;
				INFOPLIST_FILE = ParstagramUITests/Info.plist;
				LD_RUNPATH_SEARCH_PATHS = (
					"$(inherited)",
					"@executable_path/Frameworks",
					"@loader_path/Frameworks",
				);
				PRODUCT_BUNDLE_IDENTIFIER = uzma.ParstagramUITests;
				PRODUCT_NAME = "$(TARGET_NAME)";
				SWIFT_VERSION = 5.0;
				TARGETED_DEVICE_FAMILY = "1,2";
				TEST_TARGET_NAME = Parstagram;
			};
			name = Debug;
		};
		0703C4722543D2EF00664C25 /* Release */ = {
			isa = XCBuildConfiguration;
			baseConfigurationReference = 5E2FCBDF52018DD84F9D1519 /* Pods-Parstagram-ParstagramUITests.release.xcconfig */;
			buildSettings = {
				ALWAYS_EMBED_SWIFT_STANDARD_LIBRARIES = YES;
				CODE_SIGN_STYLE = Automatic;
				INFOPLIST_FILE = ParstagramUITests/Info.plist;
				LD_RUNPATH_SEARCH_PATHS = (
					"$(inherited)",
					"@executable_path/Frameworks",
					"@loader_path/Frameworks",
				);
				PRODUCT_BUNDLE_IDENTIFIER = uzma.ParstagramUITests;
				PRODUCT_NAME = "$(TARGET_NAME)";
				SWIFT_VERSION = 5.0;
				TARGETED_DEVICE_FAMILY = "1,2";
				TEST_TARGET_NAME = Parstagram;
			};
			name = Release;
		};
/* End XCBuildConfiguration section */

/* Begin XCConfigurationList section */
		0703C43B2543D2ED00664C25 /* Build configuration list for PBXProject "Parstagram" */ = {
			isa = XCConfigurationList;
			buildConfigurations = (
				0703C4682543D2EF00664C25 /* Debug */,
				0703C4692543D2EF00664C25 /* Release */,
			);
			defaultConfigurationIsVisible = 0;
			defaultConfigurationName = Release;
		};
		0703C46A2543D2EF00664C25 /* Build configuration list for PBXNativeTarget "Parstagram" */ = {
			isa = XCConfigurationList;
			buildConfigurations = (
				0703C46B2543D2EF00664C25 /* Debug */,
				0703C46C2543D2EF00664C25 /* Release */,
			);
			defaultConfigurationIsVisible = 0;
			defaultConfigurationName = Release;
		};
		0703C46D2543D2EF00664C25 /* Build configuration list for PBXNativeTarget "ParstagramTests" */ = {
			isa = XCConfigurationList;
			buildConfigurations = (
				0703C46E2543D2EF00664C25 /* Debug */,
				0703C46F2543D2EF00664C25 /* Release */,
			);
			defaultConfigurationIsVisible = 0;
			defaultConfigurationName = Release;
		};
		0703C4702543D2EF00664C25 /* Build configuration list for PBXNativeTarget "ParstagramUITests" */ = {
			isa = XCConfigurationList;
			buildConfigurations = (
				0703C4712543D2EF00664C25 /* Debug */,
				0703C4722543D2EF00664C25 /* Release */,
			);
			defaultConfigurationIsVisible = 0;
			defaultConfigurationName = Release;
		};
/* End XCConfigurationList section */
	};
	rootObject = 0703C4382543D2ED00664C25 /* Project object */;
}
